
Microsoft Visual Studio Solution File, Format Version 12.00
# Visual Studio 15
VisualStudioVersion = 15.0.28307.757
MinimumVisualStudioVersion = 10.0.40219.1
Project("{FAE04EC0-301F-11D3-BF4B-00C04F79EFBC}") = "Practica5", "Practica5\Practica5.csproj", "{531310A9-442B-4F36-AB0A-A3C17EF10CDC}"
EndProject
Global
	GlobalSection(SolutionConfigurationPlatforms) = preSolution
		Debug|Any CPU = Debug|Any CPU
		Release|Any CPU = Release|Any CPU
	EndGlobalSection
	GlobalSection(ProjectConfigurationPlatforms) = postSolution
		{531310A9-442B-4F36-AB0A-A3C17EF10CDC}.Debug|Any CPU.ActiveCfg = Debug|Any CPU
		{531310A9-442B-4F36-AB0A-A3C17EF10CDC}.Debug|Any CPU.Build.0 = Debug|Any CPU
		{531310A9-442B-4F36-AB0A-A3C17EF10CDC}.Release|Any CPU.ActiveCfg = Release|Any CPU
		{531310A9-442B-4F36-AB0A-A3C17EF10CDC}.Release|Any CPU.Build.0 = Release|Any CPU
	EndGlobalSection
	GlobalSection(SolutionProperties) = preSolution
		HideSolutionNode = FALSE
	EndGlobalSection
	GlobalSection(ExtensibilityGlobals) = postSolution
		SolutionGuid = {FBB2DAE9-1B10-4702-9E71-FDFD8A247349}
	EndGlobalSection
EndGlobal
